
Microsoft Visual Studio Solution File, Format Version 12.00
# Visual Studio Version 17
VisualStudioVersion = 17.6.33801.468
MinimumVisualStudioVersion = 10.0.40219.1
Project("{FAE04EC0-301F-11D3-BF4B-00C04F79EFBC}") = "DEMO", "DEMO.csproj", "{A284C995-0C62-485E-8C02-3F8A643CB530}"
EndProject
Project("{FAE04EC0-301F-11D3-BF4B-00C04F79EFBC}") = "Lab2Demo2", "..\Lab2Demo2\Lab2Demo2.csproj", "{4D3A0A14-21CF-4C2F-9488-508388D20134}"
EndProject
Project("{FAE04EC0-301F-11D3-BF4B-00C04F79EFBC}") = "Lab2Demo3", "..\Lab2Demo3\Lab2Demo3.csproj", "{D78DBCDB-B9BD-42C9-A290-1B7FC776D246}"
EndProject
Project("{FAE04EC0-301F-11D3-BF4B-00C04F79EFBC}") = "Lab2Demo4", "..\Lab2Demo4\Lab2Demo4.csproj", "{584F04D3-0402-4247-9E6F-E5335D370D71}"
EndProject
Project("{FAE04EC0-301F-11D3-BF4B-00C04F79EFBC}") = "Lab2Demo5", "..\Lab2Demo5\Lab2Demo5.csproj", "{1C52D6D6-8912-4549-8069-630B9F25E77A}"
EndProject
Global
	GlobalSection(SolutionConfigurationPlatforms) = preSolution
		Debug|Any CPU = Debug|Any CPU
		Release|Any CPU = Release|Any CPU
	EndGlobalSection
	GlobalSection(ProjectConfigurationPlatforms) = postSolution
		{A284C995-0C62-485E-8C02-3F8A643CB530}.Debug|Any CPU.ActiveCfg = Debug|Any CPU
		{A284C995-0C62-485E-8C02-3F8A643CB530}.Debug|Any CPU.Build.0 = Debug|Any CPU
		{A284C995-0C62-485E-8C02-3F8A643CB530}.Release|Any CPU.ActiveCfg = Release|Any CPU
		{A284C995-0C62-485E-8C02-3F8A643CB530}.Release|Any CPU.Build.0 = Release|Any CPU
		{4D3A0A14-21CF-4C2F-9488-508388D20134}.Debug|Any CPU.ActiveCfg = Debug|Any CPU
		{4D3A0A14-21CF-4C2F-9488-508388D20134}.Debug|Any CPU.Build.0 = Debug|Any CPU
		{4D3A0A14-21CF-4C2F-9488-508388D20134}.Release|Any CPU.ActiveCfg = Release|Any CPU
		{4D3A0A14-21CF-4C2F-9488-508388D20134}.Release|Any CPU.Build.0 = Release|Any CPU
		{D78DBCDB-B9BD-42C9-A290-1B7FC776D246}.Debug|Any CPU.ActiveCfg = Debug|Any CPU
		{D78DBCDB-B9BD-42C9-A290-1B7FC776D246}.Debug|Any CPU.Build.0 = Debug|Any CPU
		{D78DBCDB-B9BD-42C9-A290-1B7FC776D246}.Release|Any CPU.ActiveCfg = Release|Any CPU
		{D78DBCDB-B9BD-42C9-A290-1B7FC776D246}.Release|Any CPU.Build.0 = Release|Any CPU
		{584F04D3-0402-4247-9E6F-E5335D370D71}.Debug|Any CPU.ActiveCfg = Debug|Any CPU
		{584F04D3-0402-4247-9E6F-E5335D370D71}.Debug|Any CPU.Build.0 = Debug|Any CPU
		{584F04D3-0402-4247-9E6F-E5335D370D71}.Release|Any CPU.ActiveCfg = Release|Any CPU
		{584F04D3-0402-4247-9E6F-E5335D370D71}.Release|Any CPU.Build.0 = Release|Any CPU
		{1C52D6D6-8912-4549-8069-630B9F25E77A}.Debug|Any CPU.ActiveCfg = Debug|Any CPU
		{1C52D6D6-8912-4549-8069-630B9F25E77A}.Debug|Any CPU.Build.0 = Debug|Any CPU
		{1C52D6D6-8912-4549-8069-630B9F25E77A}.Release|Any CPU.ActiveCfg = Release|Any CPU
		{1C52D6D6-8912-4549-8069-630B9F25E77A}.Release|Any CPU.Build.0 = Release|Any CPU
	EndGlobalSection
	GlobalSection(SolutionProperties) = preSolution
		HideSolutionNode = FALSE
	EndGlobalSection
	GlobalSection(ExtensibilityGlobals) = postSolution
		SolutionGuid = {E837EDD7-544A-4FD1-9C9F-1C268102DA30}
	EndGlobalSection
EndGlobal
